
Microsoft Visual Studio Solution File, Format Version 12.00
# Visual Studio Version 17
VisualStudioVersion = 17.7.34018.315
MinimumVisualStudioVersion = 10.0.40219.1
Project("{FAE04EC0-301F-11D3-BF4B-00C04F79EFBC}") = "Module_25", "Module_25\Module_25.csproj", "{8C7E2AF0-71E4-4765-B223-35AC93F85452}"
EndProject
Global
	GlobalSection(SolutionConfigurationPlatforms) = preSolution
		Debug|Any CPU = Debug|Any CPU
		Release|Any CPU = Release|Any CPU
	EndGlobalSection
	GlobalSection(ProjectConfigurationPlatforms) = postSolution
		{8C7E2AF0-71E4-4765-B223-35AC93F85452}.Debug|Any CPU.ActiveCfg = Debug|Any CPU
		{8C7E2AF0-71E4-4765-B223-35AC93F85452}.Debug|Any CPU.Build.0 = Debug|Any CPU
		{8C7E2AF0-71E4-4765-B223-35AC93F85452}.Release|Any CPU.ActiveCfg = Release|Any CPU
		{8C7E2AF0-71E4-4765-B223-35AC93F85452}.Release|Any CPU.Build.0 = Release|Any CPU
	EndGlobalSection
	GlobalSection(SolutionProperties) = preSolution
		HideSolutionNode = FALSE
	EndGlobalSection
	GlobalSection(ExtensibilityGlobals) = postSolution
		SolutionGuid = {7DF57940-67EE-46CC-836A-8C36571D7B36}
	EndGlobalSection
EndGlobal
